[[package]]
name = "aiocache"
version = "0.11.1"
description = "multi backend asyncio cache"
category = "main"
optional = false
python-versions = "*"

[package.extras]
dev = ["asynctest (>=0.11.0)", "codecov", "coverage", "flake8", "ipdb", "marshmallow", "pystache", "pytest", "pytest-asyncio", "pytest-mock", "sphinx", "sphinx-autobuild", "sphinx-rtd-theme", "black"]
memcached = ["aiomcache (>=0.5.2)"]
msgpack = ["msgpack (>=0.5.5)"]
redis = ["aioredis (>=0.3.3)", "aioredis (>=1.0.0)"]

[[package]]
name = "asyncpg"
version = "0.25.0"
description = "An asyncio PostgreSQL driver"
category = "main"
optional = false
python-versions = ">=3.6.0"

[package.dependencies]
typing-extensions = {version = ">=3.7.4.3", markers = "python_version < \"3.8\""}

[package.extras]
dev = ["Cython (>=0.29.24,<0.30.0)", "pytest (>=6.0)", "Sphinx (>=4.1.2,<4.2.0)", "sphinxcontrib-asyncio (>=0.3.0,<0.4.0)", "sphinx-rtd-theme (>=0.5.2,<0.6.0)", "pycodestyle (>=2.7.0,<2.8.0)", "flake8 (>=3.9.2,<3.10.0)", "uvloop (>=0.15.3)"]
docs = ["Sphinx (>=4.1.2,<4.2.0)", "sphinxcontrib-asyncio (>=0.3.0,<0.4.0)", "sphinx-rtd-theme (>=0.5.2,<0.6.0)"]
test = ["pycodestyle (>=2.7.0,<2.8.0)", "flake8 (>=3.9.2,<3.10.0)", "uvloop (>=0.15.3)"]

[[package]]
name = "buildpg"
version = "0.4"
description = "Query building for the postgresql prepared statements and asyncpg."
category = "main"
optional = false
python-versions = ">=3.6"

[[package]]
name = "colorama"
version = "0.4.5"
description = "Cross-platform colored terminal text."
category = "main"
optional = false
python-versions = ">=2.7, !=3.0.*, !=3.1.*, !=3.2.*, !=3.3.*, !=3.4.*"

[[package]]
name = "tqdm"
version = "4.64.0"
description = "Fast, Extensible Progress Meter"
category = "main"
optional = false
python-versions = "!=3.0.*,!=3.1.*,!=3.2.*,!=3.3.*,>=2.7"

[package.dependencies]
colorama = {version = "*", markers = "platform_system == \"Windows\""}

[package.extras]
dev = ["py-make (>=0.1.0)", "twine", "wheel"]
notebook = ["ipywidgets (>=6)"]
slack = ["slack-sdk"]
telegram = ["requests"]

[[package]]
name = "typing-extensions"
version = "4.2.0"
description = "Backported and Experimental Type Hints for Python 3.7+"
category = "main"
optional = false
python-versions = ">=3.7"

[metadata]
lock-version = "1.1"
python-versions = "^3.7"
content-hash = "e15109e423bdb9f17a968e167869b6dcabd9bcb5ef6591e78d2838b7fbe39ebd"

[metadata.files]
aiocache = [
    {file = "aiocache-0.11.1-py2.py3-none-any.whl", hash = "sha256:e55c7caaa5753794fd301c3a2e592737fa1d036db9f8d04ae154facdfb48a157"},
    {file = "aiocache-0.11.1.tar.gz", hash = "sha256:f2ebe0b05cec45782e7b5ea0bb74640f157dd4bb1028b4565364dda9fe33be7f"},
]
asyncpg = [
    {file = "asyncpg-0.25.0-cp310-cp310-macosx_10_9_x86_64.whl", hash = "sha256:bf5e3408a14a17d480f36ebaf0401a12ff6ae5457fdf45e4e2775c51cc9517d3"},
    {file = "asyncpg-0.25.0-cp310-cp310-manylinux_2_5_x86_64.manylinux1_x86_64.manylinux_2_12_x86_64.manylinux2010_x86_64.whl", hash = "sha256:2bc197fc4aca2fd24f60241057998124012469d2e414aed3f992579db0c88e3a"},
    {file = "asyncpg-0.25.0-cp310-cp310-musllinux_1_1_x86_64.whl", hash = "sha256:1a70783f6ffa34cc7dd2de20a873181414a34fd35a4a208a1f1a7f9f695e4ec4"},
    {file = "asyncpg-0.25.0-cp310-cp310-win32.whl", hash = "sha256:43cde84e996a3afe75f325a68300093425c2f47d340c0fc8912765cf24a1c095"},
    {file = "asyncpg-0.25.0-cp310-cp310-win_amd64.whl", hash = "sha256:56d88d7ef4341412cd9c68efba323a4519c916979ba91b95d4c08799d2ff0c09"},
    {file = "asyncpg-0.25.0-cp36-cp36m-macosx_10_9_x86_64.whl", hash = "sha256:a84d30e6f850bac0876990bcd207362778e2208df0bee8be8da9f1558255e634"},
    {file = "asyncpg-0.25.0-cp36-cp36m-manylinux_2_5_x86_64.manylinux1_x86_64.manylinux_2_12_x86_64.manylinux2010_x86_64.whl", hash = "sha256:beaecc52ad39614f6ca2e48c3ca15d56e24a2c15cbfdcb764a4320cc45f02fd5"},
    {file = "asyncpg-0.25.0-cp36-cp36m-musllinux_1_1_x86_64.whl", hash = "sha256:6f8f5fc975246eda83da8031a14004b9197f510c41511018e7b1bedde6968e92"},
    {file = "asyncpg-0.25.0-cp36-cp36m-win32.whl", hash = "sha256:ddb4c3263a8d63dcde3d2c4ac1c25206bfeb31fa83bd70fd539e10f87739dee4"},
    {file = "asyncpg-0.25.0-cp36-cp36m-win_amd64.whl", hash = "sha256:bf6dc9b55b9113f39eaa2057337ce3f9ef7de99a053b8a16360395ce588925cd"},
    {file = "asyncpg-0.25.0-cp37-cp37m-macosx_10_9_x86_64.whl", hash = "sha256:acb311722352152936e58a8ee3c5b8e791b24e84cd7d777c414ff05b3530ca68"},
    {file = "asyncpg-0.25.0-cp37-cp37m-manylinux_2_5_x86_64.manylinux1_x86_64.manylinux_2_12_x86_64.manylinux2010_x86_64.whl", hash = "sha256:0a61fb196ce4dae2f2fa26eb20a778db21bbee484d2e798cb3cc988de13bdd1b"},
    {file = "asyncpg-0.25.0-cp37-cp37m-musllinux_1_1_x86_64.whl", hash = "sha256:2633331cbc8429030b4f20f712f8d0fbba57fa8555ee9b2f45f981b81328b256"},
    {file = "asyncpg-0.25.0-cp37-cp37m-win32.whl", hash = "sha256:863d36eba4a7caa853fd7d83fad5fd5306f050cc2fe6e54fbe10cdb30420e5e9"},
    {file = "asyncpg-0.25.0-cp37-cp37m-win_amd64.whl", hash = "sha256:fe471ccd915b739ca65e2e4dbd92a11b44a5b37f2e38f70827a1c147dafe0fa8"},
    {file = "asyncpg-0.25.0-cp38-cp38-macosx_10_9_x86_64.whl", hash = "sha256:72a1e12ea0cf7c1e02794b697e3ca967b2360eaa2ce5d4bfdd8604ec2d6b774b"},
    {file = "asyncpg-0.25.0-cp38-cp38-manylinux_2_5_x86_64.manylinux1_x86_64.manylinux_2_12_x86_64.manylinux2010_x86_64.whl", hash = "sha256:4327f691b1bdb222df27841938b3e04c14068166b3a97491bec2cb982f49f03e"},
    {file = "asyncpg-0.25.0-cp38-cp38-musllinux_1_1_x86_64.whl", hash = "sha256:739bbd7f89a2b2f6bc44cb8bf967dab12c5bc714fcbe96e68d512be45ecdf962"},
    {file = "asyncpg-0.25.0-cp38-cp38-win32.whl", hash = "sha256:18d49e2d93a7139a2fdbd113e320cc47075049997268a61bfbe0dde680c55471"},
    {file = "asyncpg-0.25.0-cp38-cp38-win_amd64.whl", hash = "sha256:191fe6341385b7fdea7dbdcf47fd6db3fd198827dcc1f2b228476d13c05a03c6"},
    {file = "asyncpg-0.25.0-cp39-cp39-macosx_10_9_x86_64.whl", hash = "sha256:52fab7f1b2c29e187dd8781fce896249500cf055b63471ad66332e537e9b5f7e"},
    {file = "asyncpg-0.25.0-cp39-cp39-manylinux_2_5_x86_64.manylinux1_x86_64.manylinux_2_12_x86_64.manylinux2010_x86_64.whl", hash = "sha256:a738f1b2876f30d710d3dc1e7858160a0afe1603ba16bf5f391f5316eb0ed855"},
    {file = "asyncpg-0.25.0-cp39-cp39-musllinux_1_1_x86_64.whl", hash = "sha256:5e4105f57ad1e8fbc8b1e535d8fcefa6ce6c71081228f08680c6dea24384ff0e"},
    {file = "asyncpg-0.25.0-cp39-cp39-win32.whl", hash = "sha256:f55918ded7b85723a5eaeb34e86e7b9280d4474be67df853ab5a7fa0cc7c6bf2"},
    {file = "asyncpg-0.25.0-cp39-cp39-win_amd64.whl", hash = "sha256:649e2966d98cc48d0646d9a4e29abecd8b59d38d55c256d5c857f6b27b7407ac"},
    {file = "asyncpg-0.25.0.tar.gz", hash = "sha256:63f8e6a69733b285497c2855464a34de657f2cccd25aeaeeb5071872e9382540"},
]
buildpg = [
    {file = "buildpg-0.4-py3-none-any.whl", hash = "sha256:20d539976c81ea6f5529d3930016b0482ed0ff06def3d6da79d0fc0a3bbaeeb1"},
    {file = "buildpg-0.4.tar.gz", hash = "sha256:3a6c1f40fb6c826caa819d84727e36a1372f7013ba696637b492e5935916d479"},
]
colorama = [
    {file = "colorama-0.4.5-py2.py3-none-any.whl", hash = "sha256:854bf444933e37f5824ae7bfc1e98d5bce2ebe4160d46b5edf346a89358e99da"},
    {file = "colorama-0.4.5.tar.gz", hash = "sha256:e6c6b4334fc50988a639d9b98aa429a0b57da6e17b9a44f0451f930b6967b7a4"},
]
tqdm = [
    {file = "tqdm-4.64.0-py2.py3-none-any.whl", hash = "sha256:74a2cdefe14d11442cedf3ba4e21a3b84ff9a2dbdc6cfae2c34addb2a14a5ea6"},
    {file = "tqdm-4.64.0.tar.gz", hash = "sha256:40be55d30e200777a307a7585aee69e4eabb46b4ec6a4b4a5f2d9f11e7d5408d"},
]
typing-extensions = [
    {file = "typing_extensions-4.2.0-py3-none-any.whl", hash = "sha256:6657594ee297170d19f67d55c05852a874e7eb634f4f753dbd667855e07c1708"},
    {file = "typing_extensions-4.2.0.tar.gz", hash = "sha256:f1c24655a0da0d1b67f07e17a5e6b2a105894e6824b92096378bb3668ef02376"},
]
